// !$*UTF8*$!
{
	archiveVersion = 1;
	classes = {
	};
	objectVersion = 46;
	objects = {

/* Begin PBXBuildFile section */
		14B973351B713C33009EB7B6 /* AppDelegate.swift in Sources */ = {isa = PBXBuildFile; fileRef = 14B973341B713C33009EB7B6 /* AppDelegate.swift */; };
		14B973371B713C33009EB7B6 /* ViewController.swift in Sources */ = {isa = PBXBuildFile; fileRef = 14B973361B713C33009EB7B6 /* ViewController.swift */; };
		14B9733A1B713C33009EB7B6 /* Main.storyboard in Resources */ = {isa = PBXBuildFile; fileRef = 14B973381B713C33009EB7B6 /* Main.storyboard */; };
		14B9733C1B713C34009EB7B6 /* Images.xcassets in Resources */ = {isa = PBXBuildFile; fileRef = 14B9733B1B713C34009EB7B6 /* Images.xcassets */; };
		14B9733F1B713C34009EB7B6 /* LaunchScreen.xib in Resources */ = {isa = PBXBuildFile; fileRef = 14B9733D1B713C34009EB7B6 /* LaunchScreen.xib */; };
		14B9734B1B713C34009EB7B6 /* Random_NumberTests.swift in Sources */ = {isa = PBXBuildFile; fileRef = 14B9734A1B713C34009EB7B6 /* Random_NumberTests.swift */; };
/* End PBXBuildFile section */

/* Begin PBXContainerItemProxy section */
		14B973451B713C34009EB7B6 /* PBXContainerItemProxy */ = {
			isa = PBXContainerItemProxy;
			containerPortal = 14B973271B713C33009EB7B6 /* Project object */;
			proxyType = 1;
			remoteGlobalIDString = 14B9732E1B713C33009EB7B6;
			remoteInfo = "Random Number";
		};
/* End PBXContainerItemProxy section */

/* Begin PBXFileReference section */
		14B9732F1B713C33009EB7B6 /* Random Number.app */ = {isa = PBXFileReference; explicitFileType = wrapper.application; includeInIndex = 0; path = "Random Number.app"; sourceTree = BUILT_PRODUCTS_DIR; };
		14B973331B713C33009EB7B6 /* Info.plist */ = {isa = PBXFileReference; lastKnownFileType = text.plist.xml; path = Info.plist; sourceTree = "<group>"; };
		14B973341B713C33009EB7B6 /* AppDelegate.swift */ = {isa = PBXFileReference; lastKnownFileType = sourcecode.swift; path = AppDelegate.swift; sourceTree = "<group>"; };
		14B973361B713C33009EB7B6 /* ViewController.swift */ = {isa = PBXFileReference; lastKnownFileType = sourcecode.swift; path = ViewController.swift; sourceTree = "<group>"; };
		14B973391B713C33009EB7B6 /* Base */ = {isa = PBXFileReference; lastKnownFileType = file.storyboard; name = Base; path = Base.lproj/Main.storyboard; sourceTree = "<group>"; };
		14B9733B1B713C34009EB7B6 /* Images.xcassets */ = {isa = PBXFileReference; lastKnownFileType = folder.assetcatalog; path = Images.xcassets; sourceTree = "<group>"; };
		14B9733E1B713C34009EB7B6 /* Base */ = {isa = PBXFileReference; lastKnownFileType = file.xib; name = Base; path = Base.lproj/LaunchScreen.xib; sourceTree = "<group>"; };
		14B973441B713C34009EB7B6 /* Random NumberTests.xctest */ = {isa = PBXFileReference; explicitFileType = wrapper.cfbundle; includeInIndex = 0; path = "Random NumberTests.xctest"; sourceTree = BUILT_PRODUCTS_DIR; };
		14B973491B713C34009EB7B6 /* Info.plist */ = {isa = PBXFileReference; lastKnownFileType = text.plist.xml; path = Info.plist; sourceTree = "<group>"; };
		14B9734A1B713C34009EB7B6 /* Random_NumberTests.swift */ = {isa = PBXFileReference; lastKnownFileType = sourcecode.swift; path = Random_NumberTests.swift; sourceTree = "<group>"; };
/* End PBXFileReference section */

/* Begin PBXFrameworksBuildPhase section */
		14B9732C1B713C33009EB7B6 /* Frameworks */ = {
			isa = PBXFrameworksBuildPhase;
			buildActionMask = 2147483647;
			files = (
			);
			runOnlyForDeploymentPostprocessing = 0;
		};
		14B973411B713C34009EB7B6 /* Frameworks */ = {
			isa = PBXFrameworksBuildPhase;
			buildActionMask = 2147483647;
			files = (
			);
			runOnlyForDeploymentPostprocessing = 0;
		};
/* End PBXFrameworksBuildPhase section */

/* Begin PBXGroup section */
		14B973261B713C33009EB7B6 = {
			isa = PBXGroup;
			children = (
				14B973311B713C33009EB7B6 /* Random Number */,
				14B973471B713C34009EB7B6 /* Random NumberTests */,
				14B973301B713C33009EB7B6 /* Products */,
			);
			sourceTree = "<group>";
		};
		14B973301B713C33009EB7B6 /* Products */ = {
			isa = PBXGroup;
			children = (
				14B9732F1B713C33009EB7B6 /* Random Number.app */,
				14B973441B713C34009EB7B6 /* Random NumberTests.xctest */,
			);
			name = Products;
			sourceTree = "<group>";
		};
		14B973311B713C33009EB7B6 /* Random Number */ = {
			isa = PBXGroup;
			children = (
				14B973341B713C33009EB7B6 /* AppDelegate.swift */,
				14B973361B713C33009EB7B6 /* ViewController.swift */,
				14B973381B713C33009EB7B6 /* Main.storyboard */,
				14B9733B1B713C34009EB7B6 /* Images.xcassets */,
				14B9733D1B713C34009EB7B6 /* LaunchScreen.xib */,
				14B973321B713C33009EB7B6 /* Supporting Files */,
			);
			path = "Random Number";
			sourceTree = "<group>";
		};
		14B973321B713C33009EB7B6 /* Supporting Files */ = {
			isa = PBXGroup;
			children = (
				14B973331B713C33009EB7B6 /* Info.plist */,
			);
			name = "Supporting Files";
			sourceTree = "<group>";
		};
		14B973471B713C34009EB7B6 /* Random NumberTests */ = {
			isa = PBXGroup;
			children = (
				14B9734A1B713C34009EB7B6 /* Random_NumberTests.swift */,
				14B973481B713C34009EB7B6 /* Supporting Files */,
			);
			path = "Random NumberTests";
			sourceTree = "<group>";
		};
		14B973481B713C34009EB7B6 /* Supporting Files */ = {
			isa = PBXGroup;
			children = (
				14B973491B713C34009EB7B6 /* Info.plist */,
			);
			name = "Supporting Files";
			sourceTree = "<group>";
		};
/* End PBXGroup section */

/* Begin PBXNativeTarget section */
		14B9732E1B713C33009EB7B6 /* Random Number */ = {
			isa = PBXNativeTarget;
			buildConfigurationList = 14B9734E1B713C34009EB7B6 /* Build configuration list for PBXNativeTarget "Random Number" */;
			buildPhases = (
				14B9732B1B713C33009EB7B6 /* Sources */,
				14B9732C1B713C33009EB7B6 /* Frameworks */,
				14B9732D1B713C33009EB7B6 /* Resources */,
			);
			buildRules = (
			);
			dependencies = (
			);
			name = "Random Number";
			productName = "Random Number";
			productReference = 14B9732F1B713C33009EB7B6 /* Random Number.app */;
			productType = "com.apple.product-type.application";
		};
		14B973431B713C34009EB7B6 /* Random NumberTests */ = {
			isa = PBXNativeTarget;
			buildConfigurationList = 14B973511B713C34009EB7B6 /* Build configuration list for PBXNativeTarget "Random NumberTests" */;
			buildPhases = (
				14B973401B713C34009EB7B6 /* Sources */,
				14B973411B713C34009EB7B6 /* Frameworks */,
				14B973421B713C34009EB7B6 /* Resources */,
			);
			buildRules = (
			);
			dependencies = (
				14B973461B713C34009EB7B6 /* PBXTargetDependency */,
			);
			name = "Random NumberTests";
			productName = "Random NumberTests";
			productReference = 14B973441B713C34009EB7B6 /* Random NumberTests.xctest */;
			productType = "com.apple.product-type.bundle.unit-test";
		};
/* End PBXNativeTarget section */

/* Begin PBXProject section */
		14B973271B713C33009EB7B6 /* Project object */ = {
			isa = PBXProject;
			attributes = {
				LastUpgradeCheck = 0640;
				ORGANIZATIONNAME = moises;
				TargetAttributes = {
					14B9732E1B713C33009EB7B6 = {
						CreatedOnToolsVersion = 6.4;
					};
					14B973431B713C34009EB7B6 = {
						CreatedOnToolsVersion = 6.4;
						TestTargetID = 14B9732E1B713C33009EB7B6;
					};
				};
			};
			buildConfigurationList = 14B9732A1B713C33009EB7B6 /* Build configuration list for PBXProject "Random Number" */;
			compatibilityVersion = "Xcode 3.2";
			developmentRegion = English;
			hasScannedForEncodings = 0;
			knownRegions = (
				en,
				Base,
			);
			mainGroup = 14B973261B713C33009EB7B6;
			productRefGroup = 14B973301B713C33009EB7B6 /* Products */;
			projectDirPath = "";
			projectRoot = "";
			targets = (
				14B9732E1B713C33009EB7B6 /* Random Number */,
				14B973431B713C34009EB7B6 /* Random NumberTests */,
			);
		};
/* End PBXProject section */

/* Begin PBXResourcesBuildPhase section */
		14B9732D1B713C33009EB7B6 /* Resources */ = {
			isa = PBXResourcesBuildPhase;
			buildActionMask = 2147483647;
			files = (
				14B9733A1B713C33009EB7B6 /* Main.storyboard in Resources */,
				14B9733F1B713C34009EB7B6 /* LaunchScreen.xib in Resources */,
				14B9733C1B713C34009EB7B6 /* Images.xcassets in Resources */,
			);
			runOnlyForDeploymentPostprocessing = 0;
		};
		14B973421B713C34009EB7B6 /* Resources */ = {
			isa = PBXResourcesBuildPhase;
			buildActionMask = 2147483647;
			files = (
			);
			runOnlyForDeploymentPostprocessing = 0;
		};
/* End PBXResourcesBuildPhase section */

/* Begin PBXSourcesBuildPhase section */
		14B9732B1B713C33009EB7B6 /* Sources */ = {
			isa = PBXSourcesBuildPhase;
			buildActionMask = 2147483647;
			files = (
				14B973371B713C33009EB7B6 /* ViewController.swift in Sources */,
				14B973351B713C33009EB7B6 /* AppDelegate.swift in Sources */,
			);
			runOnlyForDeploymentPostprocessing = 0;
		};
		14B973401B713C34009EB7B6 /* Sources */ = {
			isa = PBXSourcesBuildPhase;
			buildActionMask = 2147483647;
			files = (
				14B9734B1B713C34009EB7B6 /* Random_NumberTests.swift in Sources */,
			);
			runOnlyForDeploymentPostprocessing = 0;
		};
/* End PBXSourcesBuildPhase section */

/* Begin PBXTargetDependency section */
		14B973461B713C34009EB7B6 /* PBXTargetDependency */ = {
			isa = PBXTargetDependency;
			target = 14B9732E1B713C33009EB7B6 /* Random Number */;
			targetProxy = 14B973451B713C34009EB7B6 /* PBXContainerItemProxy */;
		};
/* End PBXTargetDependency section */

/* Begin PBXVariantGroup section */
		14B973381B713C33009EB7B6 /* Main.storyboard */ = {
			isa = PBXVariantGroup;
			children = (
				14B973391B713C33009EB7B6 /* Base */,
			);
			name = Main.storyboard;
			sourceTree = "<group>";
		};
		14B9733D1B713C34009EB7B6 /* LaunchScreen.xib */ = {
			isa = PBXVariantGroup;
			children = (
				14B9733E1B713C34009EB7B6 /* Base */,
			);
			name = LaunchScreen.xib;
			sourceTree = "<group>";
		};
/* End PBXVariantGroup section */

/* Begin XCBuildConfiguration section */
		14B9734C1B713C34009EB7B6 /* Debug */ = {
			isa = XCBuildConfiguration;
			buildSettings = {
				ALWAYS_SEARCH_USER_PATHS = NO;
				CLANG_CXX_LANGUAGE_STANDARD = "gnu++0x";
				CLANG_CXX_LIBRARY = "libc++";
				CLANG_ENABLE_MODULES = YES;
				CLANG_ENABLE_OBJC_ARC = YES;
				CLANG_WARN_BOOL_CONVERSION = YES;
				CLANG_WARN_CONSTANT_CONVERSION = YES;
				CLANG_WARN_DIRECT_OBJC_ISA_USAGE = YES_ERROR;
				CLANG_WARN_EMPTY_BODY = YES;
				CLANG_WARN_ENUM_CONVERSION = YES;
				CLANG_WARN_INT_CONVERSION = YES;
				CLANG_WARN_OBJC_ROOT_CLASS = YES_ERROR;
				CLANG_WARN_UNREACHABLE_CODE = YES;
				CLANG_WARN__DUPLICATE_METHOD_MATCH = YES;
				"CODE_SIGN_IDENTITY[sdk=iphoneos*]" = "iPhone Developer";
				COPY_PHASE_STRIP = NO;
				DEBUG_INFORMATION_FORMAT = "dwarf-with-dsym";
				ENABLE_STRICT_OBJC_MSGSEND = YES;
				GCC_C_LANGUAGE_STANDARD = gnu99;
				GCC_DYNAMIC_NO_PIC = NO;
				GCC_NO_COMMON_BLOCKS = YES;
				GCC_OPTIMIZATION_LEVEL = 0;
				GCC_PREPROCESSOR_DEFINITIONS = (
					"DEBUG=1",
					"$(inherited)",
				);
				GCC_SYMBOLS_PRIVATE_EXTERN = NO;
				GCC_WARN_64_TO_32_BIT_CONVERSION = YES;
				GCC_WARN_ABOUT_RETURN_TYPE = YES_ERROR;
				GCC_WARN_UNDECLARED_SELECTOR = YES;
				GCC_WARN_UNINITIALIZED_AUTOS = YES_AGGRESSIVE;
				GCC_WARN_UNUSED_FUNCTION = YES;
				GCC_WARN_UNUSED_VARIABLE = YES;
				IPHONEOS_DEPLOYMENT_TARGET = 8.4;
				MTL_ENABLE_DEBUG_INFO = YES;
				ONLY_ACTIVE_ARCH = YES;
				SDKROOT = iphoneos;
				SWIFT_OPTIMIZATION_LEVEL = "-Onone";
			};
			name = Debug;
		};
		14B9734D1B713C34009EB7B6 /* Release */ = {
			isa = XCBuildConfiguration;
			buildSettings = {
				ALWAYS_SEARCH_USER_PATHS = NO;
				CLANG_CXX_LANGUAGE_STANDARD = "gnu++0x";
				CLANG_CXX_LIBRARY = "libc++";
				CLANG_ENABLE_MODULES = YES;
				CLANG_ENABLE_OBJC_ARC = YES;
				CLANG_WARN_BOOL_CONVERSION = YES;
				CLANG_WARN_CONSTANT_CONVERSION = YES;
				CLANG_WARN_DIRECT_OBJC_ISA_USAGE = YES_ERROR;
				CLANG_WARN_EMPTY_BODY = YES;
				CLANG_WARN_ENUM_CONVERSION = YES;
				CLANG_WARN_INT_CONVERSION = YES;
				CLANG_WARN_OBJC_ROOT_CLASS = YES_ERROR;
				CLANG_WARN_UNREACHABLE_CODE = YES;
				CLANG_WARN__DUPLICATE_METHOD_MATCH = YES;
				"CODE_SIGN_IDENTITY[sdk=iphoneos*]" = "iPhone Developer";
				COPY_PHASE_STRIP = NO;
				DEBUG_INFORMATION_FORMAT = "dwarf-with-dsym";
				ENABLE_NS_ASSERTIONS = NO;
				ENABLE_STRICT_OBJC_MSGSEND = YES;
				GCC_C_LANGUAGE_STANDARD = gnu99;
				GCC_NO_COMMON_BLOCKS = YES;
				GCC_WARN_64_TO_32_BIT_CONVERSION = YES;
				GCC_WARN_ABOUT_RETURN_TYPE = YES_ERROR;
				GCC_WARN_UNDECLARED_SELECTOR = YES;
				GCC_WARN_UNINITIALIZED_AUTOS = YES_AGGRESSIVE;
				GCC_WARN_UNUSED_FUNCTION = YES;
				GCC_WARN_UNUSED_VARIABLE = YES;
				IPHONEOS_DEPLOYMENT_TARGET = 8.4;
				MTL_ENABLE_DEBUG_INFO = NO;
				SDKROOT = iphoneos;
				VALIDATE_PRODUCT = YES;
			};
			name = Release;
		};
		14B9734F1B713C34009EB7B6 /* Debug */ = {
			isa = XCBuildConfiguration;
			buildSettings = {
				ASSETCATALOG_COMPILER_APPICON_NAME = AppIcon;
				INFOPLIST_FILE = "Random Number/Info.plist";
				LD_RUNPATH_SEARCH_PATHS = "$(inherited) @executable_path/Frameworks";
				PRODUCT_NAME = "$(TARGET_NAME)";
			};
			name = Debug;
		};
		14B973501B713C34009EB7B6 /* Release */ = {
			isa = XCBuildConfiguration;
			buildSettings = {
				ASSETCATALOG_COMPILER_APPICON_NAME = AppIcon;
				INFOPLIST_FILE = "Random Number/Info.plist";
				LD_RUNPATH_SEARCH_PATHS = "$(inherited) @executable_path/Frameworks";
				PRODUCT_NAME = "$(TARGET_NAME)";
			};
			name = Release;
		};
		14B973521B713C34009EB7B6 /* Debug */ = {
			isa = XCBuildConfiguration;
			buildSettings = {
				BUNDLE_LOADER = "$(TEST_HOST)";
				FRAMEWORK_SEARCH_PATHS = (
					"$(SDKROOT)/Developer/Library/Frameworks",
					"$(inherited)",
				);
				GCC_PREPROCESSOR_DEFINITIONS = (
					"DEBUG=1",
					"$(inherited)",
				);
				INFOPLIST_FILE = "Random NumberTests/Info.plist";
				LD_RUNPATH_SEARCH_PATHS = "$(inherited) @executable_path/Frameworks @loader_path/Frameworks";
				PRODUCT_NAME = "$(TARGET_NAME)";
				TEST_HOST = "$(BUILT_PRODUCTS_DIR)/Random Number.app/Random Number";
			};
			name = Debug;
		};
		14B973531B713C34009EB7B6 /* Release */ = {
			isa = XCBuildConfiguration;
			buildSettings = {
				BUNDLE_LOADER = "$(TEST_HOST)";
				FRAMEWORK_SEARCH_PATHS = (
					"$(SDKROOT)/Developer/Library/Frameworks",
					"$(inherited)",
				);
				INFOPLIST_FILE = "Random NumberTests/Info.plist";
				LD_RUNPATH_SEARCH_PATHS = "$(inherited) @executable_path/Frameworks @loader_path/Frameworks";
				PRODUCT_NAME = "$(TARGET_NAME)";
				TEST_HOST = "$(BUILT_PRODUCTS_DIR)/Random Number.app/Random Number";
			};
			name = Release;
		};
/* End XCBuildConfiguration section */

/* Begin XCConfigurationList section */
		14B9732A1B713C33009EB7B6 /* Build configuration list for PBXProject "Random Number" */ = {
			isa = XCConfigurationList;
			buildConfigurations = (
				14B9734C1B713C34009EB7B6 /* Debug */,
				14B9734D1B713C34009EB7B6 /* Release */,
			);
			defaultConfigurationIsVisible = 0;
			defaultConfigurationName = Release;
		};
		14B9734E1B713C34009EB7B6 /* Build configuration list for PBXNativeTarget "Random Number" */ = {
			isa = XCConfigurationList;
			buildConfigurations = (
				14B9734F1B713C34009EB7B6 /* Debug */,
				14B973501B713C34009EB7B6 /* Release */,
			);
			defaultConfigurationIsVisible = 0;
		};
		14B973511B713C34009EB7B6 /* Build configuration list for PBXNativeTarget "Random NumberTests" */ = {
			isa = XCConfigurationList;
			buildConfigurations = (
				14B973521B713C34009EB7B6 /* Debug */,
				14B973531B713C34009EB7B6 /* Release */,
			);
			defaultConfigurationIsVisible = 0;
		};
/* End XCConfigurationList section */
	};
	rootObject = 14B973271B713C33009EB7B6 /* Project object */;
}
